
Microsoft Visual Studio Solution File, Format Version 12.00
# Visual Studio Version 17
VisualStudioVersion = 17.5.33516.290
MinimumVisualStudioVersion = 10.0.40219.1
Project("{FAE04EC0-301F-11D3-BF4B-00C04F79EFBC}") = "TrainingClasses3", "TrainingClasses3\TrainingClasses3.csproj", "{B8E50AFE-860D-47F0-9B56-1317BFB005F2}"
EndProject
Global
	GlobalSection(SolutionConfigurationPlatforms) = preSolution
		Debug|Any CPU = Debug|Any CPU
		Release|Any CPU = Release|Any CPU
	EndGlobalSection
	GlobalSection(ProjectConfigurationPlatforms) = postSolution
		{B8E50AFE-860D-47F0-9B56-1317BFB005F2}.Debug|Any CPU.ActiveCfg = Debug|Any CPU
		{B8E50AFE-860D-47F0-9B56-1317BFB005F2}.Debug|Any CPU.Build.0 = Debug|Any CPU
		{B8E50AFE-860D-47F0-9B56-1317BFB005F2}.Release|Any CPU.ActiveCfg = Release|Any CPU
		{B8E50AFE-860D-47F0-9B56-1317BFB005F2}.Release|Any CPU.Build.0 = Release|Any CPU
	EndGlobalSection
	GlobalSection(SolutionProperties) = preSolution
		HideSolutionNode = FALSE
	EndGlobalSection
	GlobalSection(ExtensibilityGlobals) = postSolution
		SolutionGuid = {441B49E9-846F-4834-A63E-EA03152F7D19}
	EndGlobalSection
EndGlobal
